
Microsoft Visual Studio Solution File, Format Version 12.00
# Visual Studio Version 16
VisualStudioVersion = 16.0.31410.357
MinimumVisualStudioVersion = 10.0.40219.1
Project("{FAE04EC0-301F-11D3-BF4B-00C04F79EFBC}") = "helloWorld", "helloWorld.csproj", "{CD288D82-337F-43B6-AE99-AD94E266C114}"
EndProject
Global
	GlobalSection(SolutionConfigurationPlatforms) = preSolution
		Debug|Any CPU = Debug|Any CPU
		Release|Any CPU = Release|Any CPU
	EndGlobalSection
	GlobalSection(ProjectConfigurationPlatforms) = postSolution
		{CD288D82-337F-43B6-AE99-AD94E266C114}.Debug|Any CPU.ActiveCfg = Debug|Any CPU
		{CD288D82-337F-43B6-AE99-AD94E266C114}.Debug|Any CPU.Build.0 = Debug|Any CPU
		{CD288D82-337F-43B6-AE99-AD94E266C114}.Release|Any CPU.ActiveCfg = Release|Any CPU
		{CD288D82-337F-43B6-AE99-AD94E266C114}.Release|Any CPU.Build.0 = Release|Any CPU
	EndGlobalSection
	GlobalSection(SolutionProperties) = preSolution
		HideSolutionNode = FALSE
	EndGlobalSection
	GlobalSection(ExtensibilityGlobals) = postSolution
		SolutionGuid = {E5A68F08-B410-4720-9BB3-D45287A5FD7A}
	EndGlobalSection
EndGlobal
